
Microsoft Visual Studio Solution File, Format Version 12.00
# Visual Studio Version 17
VisualStudioVersion = 17.4.33205.214
MinimumVisualStudioVersion = 10.0.40219.1
Project("{FAE04EC0-301F-11D3-BF4B-00C04F79EFBC}") = "ProgramaCSharp-CursoDevaria", "ProgramaCSharp-CursoDevaria.csproj", "{2AE95807-7738-4942-86D2-3EC0C079A701}"
EndProject
Global
	GlobalSection(SolutionConfigurationPlatforms) = preSolution
		Debug|Any CPU = Debug|Any CPU
		Release|Any CPU = Release|Any CPU
	EndGlobalSection
	GlobalSection(ProjectConfigurationPlatforms) = postSolution
		{2AE95807-7738-4942-86D2-3EC0C079A701}.Debug|Any CPU.ActiveCfg = Debug|Any CPU
		{2AE95807-7738-4942-86D2-3EC0C079A701}.Debug|Any CPU.Build.0 = Debug|Any CPU
		{2AE95807-7738-4942-86D2-3EC0C079A701}.Release|Any CPU.ActiveCfg = Release|Any CPU
		{2AE95807-7738-4942-86D2-3EC0C079A701}.Release|Any CPU.Build.0 = Release|Any CPU
	EndGlobalSection
	GlobalSection(SolutionProperties) = preSolution
		HideSolutionNode = FALSE
	EndGlobalSection
	GlobalSection(ExtensibilityGlobals) = postSolution
		SolutionGuid = {34BA2B88-C876-4519-827D-13F50B4E685D}
	EndGlobalSection
EndGlobal
